
Microsoft Visual Studio Solution File, Format Version 12.00
Project("{FAE04EC0-301F-11D3-BF4B-00C04F79EFBC}") = "NMica", "NMica\NMica.csproj", "{35F15F99-E0F7-43DD-BE8C-A53DE2DDAEDC}"
EndProject
Project("{9A19103F-16F7-4668-BE54-9A1E7A4F7556}") = "_build", "..\build\_build.csproj", "{01107BEB-DC9C-41AC-86F6-CD49FDE774AA}"
EndProject
Global
	GlobalSection(SolutionConfigurationPlatforms) = preSolution
		Debug|Any CPU = Debug|Any CPU
		Release|Any CPU = Release|Any CPU
	EndGlobalSection
	GlobalSection(ProjectConfigurationPlatforms) = postSolution
		{01107BEB-DC9C-41AC-86F6-CD49FDE774AA}.Debug|Any CPU.ActiveCfg = Debug|Any CPU
		{01107BEB-DC9C-41AC-86F6-CD49FDE774AA}.Release|Any CPU.ActiveCfg = Release|Any CPU
		{35F15F99-E0F7-43DD-BE8C-A53DE2DDAEDC}.Debug|Any CPU.ActiveCfg = Debug|Any CPU
		{35F15F99-E0F7-43DD-BE8C-A53DE2DDAEDC}.Debug|Any CPU.Build.0 = Debug|Any CPU
		{35F15F99-E0F7-43DD-BE8C-A53DE2DDAEDC}.Release|Any CPU.ActiveCfg = Release|Any CPU
		{35F15F99-E0F7-43DD-BE8C-A53DE2DDAEDC}.Release|Any CPU.Build.0 = Release|Any CPU
	EndGlobalSection
	GlobalSection(NestedProjects) = preSolution
	EndGlobalSection
EndGlobal
